
Microsoft Visual Studio Solution File, Format Version 12.00
# Visual Studio Version 17
VisualStudioVersion = 17.1.32421.90
MinimumVisualStudioVersion = 10.0.40219.1
Project("{FAE04EC0-301F-11D3-BF4B-00C04F79EFBC}") = "UrunYonetimiStokTakip", "UrunYonetimiStokTakip\UrunYonetimiStokTakip.csproj", "{43C994C6-0BD9-4A21-A328-59491467F5E7}"
EndProject
Project("{FAE04EC0-301F-11D3-BF4B-00C04F79EFBC}") = "Entities", "Entities\Entities.csproj", "{C2D88B1D-8E50-409B-8995-9473BD8337A4}"
EndProject
Project("{FAE04EC0-301F-11D3-BF4B-00C04F79EFBC}") = "DAL", "DAL\DAL.csproj", "{61916AA8-D449-4750-9B23-3043683C7B0C}"
EndProject
Project("{FAE04EC0-301F-11D3-BF4B-00C04F79EFBC}") = "BL", "BL\BL.csproj", "{6173A920-518E-4025-BC9F-0D7B851AC84F}"
EndProject
Project("{FAE04EC0-301F-11D3-BF4B-00C04F79EFBC}") = "UrunYonetimiStokTakip.WebFormUI", "UrunYonetimiStokTakip.WebFormUI\UrunYonetimiStokTakip.WebFormUI.csproj", "{F954283B-F5E5-4944-B808-68DB1536484A}"
EndProject
Global
	GlobalSection(SolutionConfigurationPlatforms) = preSolution
		Debug|Any CPU = Debug|Any CPU
		Release|Any CPU = Release|Any CPU
	EndGlobalSection
	GlobalSection(ProjectConfigurationPlatforms) = postSolution
		{43C994C6-0BD9-4A21-A328-59491467F5E7}.Debug|Any CPU.ActiveCfg = Debug|Any CPU
		{43C994C6-0BD9-4A21-A328-59491467F5E7}.Debug|Any CPU.Build.0 = Debug|Any CPU
		{43C994C6-0BD9-4A21-A328-59491467F5E7}.Release|Any CPU.ActiveCfg = Release|Any CPU
		{43C994C6-0BD9-4A21-A328-59491467F5E7}.Release|Any CPU.Build.0 = Release|Any CPU
		{C2D88B1D-8E50-409B-8995-9473BD8337A4}.Debug|Any CPU.ActiveCfg = Debug|Any CPU
		{C2D88B1D-8E50-409B-8995-9473BD8337A4}.Debug|Any CPU.Build.0 = Debug|Any CPU
		{C2D88B1D-8E50-409B-8995-9473BD8337A4}.Release|Any CPU.ActiveCfg = Release|Any CPU
		{C2D88B1D-8E50-409B-8995-9473BD8337A4}.Release|Any CPU.Build.0 = Release|Any CPU
		{61916AA8-D449-4750-9B23-3043683C7B0C}.Debug|Any CPU.ActiveCfg = Debug|Any CPU
		{61916AA8-D449-4750-9B23-3043683C7B0C}.Debug|Any CPU.Build.0 = Debug|Any CPU
		{61916AA8-D449-4750-9B23-3043683C7B0C}.Release|Any CPU.ActiveCfg = Release|Any CPU
		{61916AA8-D449-4750-9B23-3043683C7B0C}.Release|Any CPU.Build.0 = Release|Any CPU
		{6173A920-518E-4025-BC9F-0D7B851AC84F}.Debug|Any CPU.ActiveCfg = Debug|Any CPU
		{6173A920-518E-4025-BC9F-0D7B851AC84F}.Debug|Any CPU.Build.0 = Debug|Any CPU
		{6173A920-518E-4025-BC9F-0D7B851AC84F}.Release|Any CPU.ActiveCfg = Release|Any CPU
		{6173A920-518E-4025-BC9F-0D7B851AC84F}.Release|Any CPU.Build.0 = Release|Any CPU
		{F954283B-F5E5-4944-B808-68DB1536484A}.Debug|Any CPU.ActiveCfg = Debug|Any CPU
		{F954283B-F5E5-4944-B808-68DB1536484A}.Debug|Any CPU.Build.0 = Debug|Any CPU
		{F954283B-F5E5-4944-B808-68DB1536484A}.Release|Any CPU.ActiveCfg = Release|Any CPU
		{F954283B-F5E5-4944-B808-68DB1536484A}.Release|Any CPU.Build.0 = Release|Any CPU
	EndGlobalSection
	GlobalSection(SolutionProperties) = preSolution
		HideSolutionNode = FALSE
	EndGlobalSection
	GlobalSection(ExtensibilityGlobals) = postSolution
		SolutionGuid = {E4140EF4-1085-437F-88E4-8887817EEB1A}
	EndGlobalSection
EndGlobal
